
Microsoft Visual Studio Solution File, Format Version 12.00
Project("{FAE04EC0-301F-11D3-BF4B-00C04F79EFBC}") = "Examtwo", "Examtwo\Examtwo.csproj", "{3C8893DE-4EDA-452E-84BF-1A44C05069D7}"
EndProject
Global
	GlobalSection(SolutionConfigurationPlatforms) = preSolution
		Debug|Any CPU = Debug|Any CPU
		Release|Any CPU = Release|Any CPU
	EndGlobalSection
	GlobalSection(ProjectConfigurationPlatforms) = postSolution
		{3C8893DE-4EDA-452E-84BF-1A44C05069D7}.Debug|Any CPU.ActiveCfg = Debug|Any CPU
		{3C8893DE-4EDA-452E-84BF-1A44C05069D7}.Debug|Any CPU.Build.0 = Debug|Any CPU
		{3C8893DE-4EDA-452E-84BF-1A44C05069D7}.Release|Any CPU.ActiveCfg = Release|Any CPU
		{3C8893DE-4EDA-452E-84BF-1A44C05069D7}.Release|Any CPU.Build.0 = Release|Any CPU
	EndGlobalSection
EndGlobal
